
Microsoft Visual Studio Solution File, Format Version 12.00
# Visual Studio Version 17
VisualStudioVersion = 17.6.33815.320
MinimumVisualStudioVersion = 10.0.40219.1
Project("{FAE04EC0-301F-11D3-BF4B-00C04F79EFBC}") = "BrowserstackIssueProject", "BrowserstackIssueProject\BrowserstackIssueProject.csproj", "{441AEE4A-053C-4A9E-82E5-009ECCCDF4CE}"
EndProject
Global
	GlobalSection(SolutionConfigurationPlatforms) = preSolution
		Debug|Any CPU = Debug|Any CPU
		Release|Any CPU = Release|Any CPU
	EndGlobalSection
	GlobalSection(ProjectConfigurationPlatforms) = postSolution
		{441AEE4A-053C-4A9E-82E5-009ECCCDF4CE}.Debug|Any CPU.ActiveCfg = Debug|Any CPU
		{441AEE4A-053C-4A9E-82E5-009ECCCDF4CE}.Debug|Any CPU.Build.0 = Debug|Any CPU
		{441AEE4A-053C-4A9E-82E5-009ECCCDF4CE}.Release|Any CPU.ActiveCfg = Release|Any CPU
		{441AEE4A-053C-4A9E-82E5-009ECCCDF4CE}.Release|Any CPU.Build.0 = Release|Any CPU
	EndGlobalSection
	GlobalSection(SolutionProperties) = preSolution
		HideSolutionNode = FALSE
	EndGlobalSection
	GlobalSection(ExtensibilityGlobals) = postSolution
		SolutionGuid = {41CF2416-4F56-4D5D-A2C7-331C329B2E5B}
	EndGlobalSection
EndGlobal
